
Microsoft Visual Studio Solution File, Format Version 12.00
# Visual Studio 15
VisualStudioVersion = 15.0.27703.2026
MinimumVisualStudioVersion = 10.0.40219.1
Project("{FAE04EC0-301F-11D3-BF4B-00C04F79EFBC}") = "FizzBuzzTreeChallenge", "FizzBuzzTree\FizzBuzzTreeChallenge.csproj", "{77551922-9C80-4BA1-B111-F4A4093705B5}"
EndProject
Project("{FAE04EC0-301F-11D3-BF4B-00C04F79EFBC}") = "XUnitTestProject1", "XUnitTestProject1\XUnitTestProject1.csproj", "{5F83E98F-685C-4D01-96FC-5E37B7E26446}"
EndProject
Global
	GlobalSection(SolutionConfigurationPlatforms) = preSolution
		Debug|Any CPU = Debug|Any CPU
		Release|Any CPU = Release|Any CPU
	EndGlobalSection
	GlobalSection(ProjectConfigurationPlatforms) = postSolution
		{77551922-9C80-4BA1-B111-F4A4093705B5}.Debug|Any CPU.ActiveCfg = Debug|Any CPU
		{77551922-9C80-4BA1-B111-F4A4093705B5}.Debug|Any CPU.Build.0 = Debug|Any CPU
		{77551922-9C80-4BA1-B111-F4A4093705B5}.Release|Any CPU.ActiveCfg = Release|Any CPU
		{77551922-9C80-4BA1-B111-F4A4093705B5}.Release|Any CPU.Build.0 = Release|Any CPU
		{5F83E98F-685C-4D01-96FC-5E37B7E26446}.Debug|Any CPU.ActiveCfg = Debug|Any CPU
		{5F83E98F-685C-4D01-96FC-5E37B7E26446}.Debug|Any CPU.Build.0 = Debug|Any CPU
		{5F83E98F-685C-4D01-96FC-5E37B7E26446}.Release|Any CPU.ActiveCfg = Release|Any CPU
		{5F83E98F-685C-4D01-96FC-5E37B7E26446}.Release|Any CPU.Build.0 = Release|Any CPU
	EndGlobalSection
	GlobalSection(SolutionProperties) = preSolution
		HideSolutionNode = FALSE
	EndGlobalSection
	GlobalSection(ExtensibilityGlobals) = postSolution
		SolutionGuid = {82FA8A95-D998-45C9-96C9-DB124D4A4D9E}
	EndGlobalSection
EndGlobal
