
Microsoft Visual Studio Solution File, Format Version 12.00
# Visual Studio 15
VisualStudioVersion = 15.0.27703.2026
MinimumVisualStudioVersion = 10.0.40219.1
Project("{FAE04EC0-301F-11D3-BF4B-00C04F79EFBC}") = "MergeSort", "MergeSort\MergeSort.csproj", "{CF4FD664-EACC-4699-B53D-4DF21D9C8C2C}"
EndProject
Project("{FAE04EC0-301F-11D3-BF4B-00C04F79EFBC}") = "XUnitSortMerge", "XUnitSortMerge\XUnitSortMerge.csproj", "{2BB5BB0C-0AE4-4CE4-89B2-AABB1847C589}"
EndProject
Project("{2150E333-8FDC-42A3-9474-1A3956D46DE8}") = "Solution Items", "Solution Items", "{A6C12B02-5B99-43CE-B0AC-54B1A43EAC37}"
	ProjectSection(SolutionItems) = preProject
		ReadMe.md = ReadMe.md
	EndProjectSection
EndProject
Global
	GlobalSection(SolutionConfigurationPlatforms) = preSolution
		Debug|Any CPU = Debug|Any CPU
		Release|Any CPU = Release|Any CPU
	EndGlobalSection
	GlobalSection(ProjectConfigurationPlatforms) = postSolution
		{CF4FD664-EACC-4699-B53D-4DF21D9C8C2C}.Debug|Any CPU.ActiveCfg = Debug|Any CPU
		{CF4FD664-EACC-4699-B53D-4DF21D9C8C2C}.Debug|Any CPU.Build.0 = Debug|Any CPU
		{CF4FD664-EACC-4699-B53D-4DF21D9C8C2C}.Release|Any CPU.ActiveCfg = Release|Any CPU
		{CF4FD664-EACC-4699-B53D-4DF21D9C8C2C}.Release|Any CPU.Build.0 = Release|Any CPU
		{2BB5BB0C-0AE4-4CE4-89B2-AABB1847C589}.Debug|Any CPU.ActiveCfg = Debug|Any CPU
		{2BB5BB0C-0AE4-4CE4-89B2-AABB1847C589}.Debug|Any CPU.Build.0 = Debug|Any CPU
		{2BB5BB0C-0AE4-4CE4-89B2-AABB1847C589}.Release|Any CPU.ActiveCfg = Release|Any CPU
		{2BB5BB0C-0AE4-4CE4-89B2-AABB1847C589}.Release|Any CPU.Build.0 = Release|Any CPU
	EndGlobalSection
	GlobalSection(SolutionProperties) = preSolution
		HideSolutionNode = FALSE
	EndGlobalSection
	GlobalSection(ExtensibilityGlobals) = postSolution
		SolutionGuid = {51862ACE-4007-439E-82B8-8C5B3D722478}
	EndGlobalSection
EndGlobal
