
Microsoft Visual Studio Solution File, Format Version 12.00
# Visual Studio 15
VisualStudioVersion = 15.0.27703.2026
MinimumVisualStudioVersion = 10.0.40219.1
Project("{FAE04EC0-301F-11D3-BF4B-00C04F79EFBC}") = "ArrayReverse", "ArrayReverse\ArrayReverse.csproj", "{D4037FE7-BD79-4EA2-A1B3-3CB4675766D0}"
EndProject
Global
	GlobalSection(SolutionConfigurationPlatforms) = preSolution
		Debug|Any CPU = Debug|Any CPU
		Release|Any CPU = Release|Any CPU
	EndGlobalSection
	GlobalSection(ProjectConfigurationPlatforms) = postSolution
		{D4037FE7-BD79-4EA2-A1B3-3CB4675766D0}.Debug|Any CPU.ActiveCfg = Debug|Any CPU
		{D4037FE7-BD79-4EA2-A1B3-3CB4675766D0}.Debug|Any CPU.Build.0 = Debug|Any CPU
		{D4037FE7-BD79-4EA2-A1B3-3CB4675766D0}.Release|Any CPU.ActiveCfg = Release|Any CPU
		{D4037FE7-BD79-4EA2-A1B3-3CB4675766D0}.Release|Any CPU.Build.0 = Release|Any CPU
	EndGlobalSection
	GlobalSection(SolutionProperties) = preSolution
		HideSolutionNode = FALSE
	EndGlobalSection
	GlobalSection(ExtensibilityGlobals) = postSolution
		SolutionGuid = {8A67F354-0B25-4E50-A6B1-6B5FC097EA81}
	EndGlobalSection
EndGlobal
