
Microsoft Visual Studio Solution File, Format Version 12.00
# Visual Studio 15
VisualStudioVersion = 15.0.27703.2026
MinimumVisualStudioVersion = 10.0.40219.1
Project("{FAE04EC0-301F-11D3-BF4B-00C04F79EFBC}") = "fifo_animal_shelter", "fifo_animal_shelter\fifo_animal_shelter.csproj", "{2CC9729B-9678-433B-8686-48F8D6DF9407}"
EndProject
Project("{FAE04EC0-301F-11D3-BF4B-00C04F79EFBC}") = "XUnitTestAnimalShelter", "XUnitTestAnimalShelter\XUnitTestAnimalShelter.csproj", "{10F223B4-1378-4FA3-AB55-7551ABE1C62F}"
EndProject
Global
	GlobalSection(SolutionConfigurationPlatforms) = preSolution
		Debug|Any CPU = Debug|Any CPU
		Release|Any CPU = Release|Any CPU
	EndGlobalSection
	GlobalSection(ProjectConfigurationPlatforms) = postSolution
		{2CC9729B-9678-433B-8686-48F8D6DF9407}.Debug|Any CPU.ActiveCfg = Debug|Any CPU
		{2CC9729B-9678-433B-8686-48F8D6DF9407}.Debug|Any CPU.Build.0 = Debug|Any CPU
		{2CC9729B-9678-433B-8686-48F8D6DF9407}.Release|Any CPU.ActiveCfg = Release|Any CPU
		{2CC9729B-9678-433B-8686-48F8D6DF9407}.Release|Any CPU.Build.0 = Release|Any CPU
		{10F223B4-1378-4FA3-AB55-7551ABE1C62F}.Debug|Any CPU.ActiveCfg = Debug|Any CPU
		{10F223B4-1378-4FA3-AB55-7551ABE1C62F}.Debug|Any CPU.Build.0 = Debug|Any CPU
		{10F223B4-1378-4FA3-AB55-7551ABE1C62F}.Release|Any CPU.ActiveCfg = Release|Any CPU
		{10F223B4-1378-4FA3-AB55-7551ABE1C62F}.Release|Any CPU.Build.0 = Release|Any CPU
	EndGlobalSection
	GlobalSection(SolutionProperties) = preSolution
		HideSolutionNode = FALSE
	EndGlobalSection
	GlobalSection(ExtensibilityGlobals) = postSolution
		SolutionGuid = {6F592677-21D4-4C47-97B3-05D0BAD5035E}
	EndGlobalSection
EndGlobal
