
Microsoft Visual Studio Solution File, Format Version 12.00
# Visual Studio 15
VisualStudioVersion = 15.0.27703.2026
MinimumVisualStudioVersion = 10.0.40219.1
Project("{FAE04EC0-301F-11D3-BF4B-00C04F79EFBC}") = "Stack_and_Queue", "Stack_and_Queue\Stack_and_Queue.csproj", "{E19A67D5-491A-483A-B5AF-AB836180F2B1}"
EndProject
Project("{FAE04EC0-301F-11D3-BF4B-00C04F79EFBC}") = "XUnitTestStackQueue", "XUnitTestStackQueue\XUnitTestStackQueue.csproj", "{0308EFF9-0D4A-4AFC-833B-4D81DAF44812}"
EndProject
Global
	GlobalSection(SolutionConfigurationPlatforms) = preSolution
		Debug|Any CPU = Debug|Any CPU
		Release|Any CPU = Release|Any CPU
	EndGlobalSection
	GlobalSection(ProjectConfigurationPlatforms) = postSolution
		{E19A67D5-491A-483A-B5AF-AB836180F2B1}.Debug|Any CPU.ActiveCfg = Debug|Any CPU
		{E19A67D5-491A-483A-B5AF-AB836180F2B1}.Debug|Any CPU.Build.0 = Debug|Any CPU
		{E19A67D5-491A-483A-B5AF-AB836180F2B1}.Release|Any CPU.ActiveCfg = Release|Any CPU
		{E19A67D5-491A-483A-B5AF-AB836180F2B1}.Release|Any CPU.Build.0 = Release|Any CPU
		{0308EFF9-0D4A-4AFC-833B-4D81DAF44812}.Debug|Any CPU.ActiveCfg = Debug|Any CPU
		{0308EFF9-0D4A-4AFC-833B-4D81DAF44812}.Debug|Any CPU.Build.0 = Debug|Any CPU
		{0308EFF9-0D4A-4AFC-833B-4D81DAF44812}.Release|Any CPU.ActiveCfg = Release|Any CPU
		{0308EFF9-0D4A-4AFC-833B-4D81DAF44812}.Release|Any CPU.Build.0 = Release|Any CPU
	EndGlobalSection
	GlobalSection(SolutionProperties) = preSolution
		HideSolutionNode = FALSE
	EndGlobalSection
	GlobalSection(ExtensibilityGlobals) = postSolution
		SolutionGuid = {3CF8AE1B-C544-4F65-A5E2-D387EE4A5C45}
	EndGlobalSection
EndGlobal
