
Microsoft Visual Studio Solution File, Format Version 12.00
# Visual Studio 15
VisualStudioVersion = 15.0.27703.2026
MinimumVisualStudioVersion = 10.0.40219.1
Project("{FAE04EC0-301F-11D3-BF4B-00C04F79EFBC}") = "mergeLists", "mergeLists\mergeLists.csproj", "{C2F8B748-7DE1-4998-A94B-3EFBFA21BCE4}"
EndProject
Project("{FAE04EC0-301F-11D3-BF4B-00C04F79EFBC}") = "XUnitTestMergeLists", "XUnitTestMergeLists\XUnitTestMergeLists.csproj", "{BB7C7B04-1645-4CAB-A60E-D2E2509A7BEC}"
EndProject
Global
	GlobalSection(SolutionConfigurationPlatforms) = preSolution
		Debug|Any CPU = Debug|Any CPU
		Release|Any CPU = Release|Any CPU
	EndGlobalSection
	GlobalSection(ProjectConfigurationPlatforms) = postSolution
		{C2F8B748-7DE1-4998-A94B-3EFBFA21BCE4}.Debug|Any CPU.ActiveCfg = Debug|Any CPU
		{C2F8B748-7DE1-4998-A94B-3EFBFA21BCE4}.Debug|Any CPU.Build.0 = Debug|Any CPU
		{C2F8B748-7DE1-4998-A94B-3EFBFA21BCE4}.Release|Any CPU.ActiveCfg = Release|Any CPU
		{C2F8B748-7DE1-4998-A94B-3EFBFA21BCE4}.Release|Any CPU.Build.0 = Release|Any CPU
		{BB7C7B04-1645-4CAB-A60E-D2E2509A7BEC}.Debug|Any CPU.ActiveCfg = Debug|Any CPU
		{BB7C7B04-1645-4CAB-A60E-D2E2509A7BEC}.Debug|Any CPU.Build.0 = Debug|Any CPU
		{BB7C7B04-1645-4CAB-A60E-D2E2509A7BEC}.Release|Any CPU.ActiveCfg = Release|Any CPU
		{BB7C7B04-1645-4CAB-A60E-D2E2509A7BEC}.Release|Any CPU.Build.0 = Release|Any CPU
	EndGlobalSection
	GlobalSection(SolutionProperties) = preSolution
		HideSolutionNode = FALSE
	EndGlobalSection
	GlobalSection(ExtensibilityGlobals) = postSolution
		SolutionGuid = {33380ED7-540C-4E1D-8F9C-3693CBFDD682}
	EndGlobalSection
EndGlobal
