
Microsoft Visual Studio Solution File, Format Version 12.00
# Visual Studio 15
VisualStudioVersion = 15.0.27703.2026
MinimumVisualStudioVersion = 10.0.40219.1
Project("{9A19103F-16F7-4668-BE54-9A1E7A4F7556}") = "MultiBracketValidation", "MultiBracketValidation\MultiBracketValidation.csproj", "{33CC03A0-EF63-4D84-8470-303A8151254A}"
EndProject
Project("{FAE04EC0-301F-11D3-BF4B-00C04F79EFBC}") = "XUnitTestProject1", "XUnitTestProject1\XUnitTestProject1.csproj", "{C2FCAF5D-D5BD-4E4D-952C-70C05A0E7192}"
EndProject
Global
	GlobalSection(SolutionConfigurationPlatforms) = preSolution
		Debug|Any CPU = Debug|Any CPU
		Release|Any CPU = Release|Any CPU
	EndGlobalSection
	GlobalSection(ProjectConfigurationPlatforms) = postSolution
		{33CC03A0-EF63-4D84-8470-303A8151254A}.Debug|Any CPU.ActiveCfg = Debug|Any CPU
		{33CC03A0-EF63-4D84-8470-303A8151254A}.Debug|Any CPU.Build.0 = Debug|Any CPU
		{33CC03A0-EF63-4D84-8470-303A8151254A}.Release|Any CPU.ActiveCfg = Release|Any CPU
		{33CC03A0-EF63-4D84-8470-303A8151254A}.Release|Any CPU.Build.0 = Release|Any CPU
		{C2FCAF5D-D5BD-4E4D-952C-70C05A0E7192}.Debug|Any CPU.ActiveCfg = Debug|Any CPU
		{C2FCAF5D-D5BD-4E4D-952C-70C05A0E7192}.Debug|Any CPU.Build.0 = Debug|Any CPU
		{C2FCAF5D-D5BD-4E4D-952C-70C05A0E7192}.Release|Any CPU.ActiveCfg = Release|Any CPU
		{C2FCAF5D-D5BD-4E4D-952C-70C05A0E7192}.Release|Any CPU.Build.0 = Release|Any CPU
	EndGlobalSection
	GlobalSection(SolutionProperties) = preSolution
		HideSolutionNode = FALSE
	EndGlobalSection
	GlobalSection(ExtensibilityGlobals) = postSolution
		SolutionGuid = {0151A939-ECB9-43BA-B680-A952EAC9B0FE}
	EndGlobalSection
EndGlobal
