
Microsoft Visual Studio Solution File, Format Version 12.00
# Visual Studio 15
VisualStudioVersion = 15.0.27703.2026
MinimumVisualStudioVersion = 10.0.40219.1
Project("{FAE04EC0-301F-11D3-BF4B-00C04F79EFBC}") = "LinkedLists", "LinkedLists\LinkedLists.csproj", "{39021006-BC6E-40E4-919C-8D31CA891045}"
EndProject
Project("{FAE04EC0-301F-11D3-BF4B-00C04F79EFBC}") = "XUnitTestProject1", "XUnitTestProject1\XUnitTestProject1.csproj", "{1AAE9783-640B-49B5-8A63-1B98ACFDBACD}"
EndProject
Global
	GlobalSection(SolutionConfigurationPlatforms) = preSolution
		Debug|Any CPU = Debug|Any CPU
		Release|Any CPU = Release|Any CPU
	EndGlobalSection
	GlobalSection(ProjectConfigurationPlatforms) = postSolution
		{39021006-BC6E-40E4-919C-8D31CA891045}.Debug|Any CPU.ActiveCfg = Debug|Any CPU
		{39021006-BC6E-40E4-919C-8D31CA891045}.Debug|Any CPU.Build.0 = Debug|Any CPU
		{39021006-BC6E-40E4-919C-8D31CA891045}.Release|Any CPU.ActiveCfg = Release|Any CPU
		{39021006-BC6E-40E4-919C-8D31CA891045}.Release|Any CPU.Build.0 = Release|Any CPU
		{1AAE9783-640B-49B5-8A63-1B98ACFDBACD}.Debug|Any CPU.ActiveCfg = Debug|Any CPU
		{1AAE9783-640B-49B5-8A63-1B98ACFDBACD}.Debug|Any CPU.Build.0 = Debug|Any CPU
		{1AAE9783-640B-49B5-8A63-1B98ACFDBACD}.Release|Any CPU.ActiveCfg = Release|Any CPU
		{1AAE9783-640B-49B5-8A63-1B98ACFDBACD}.Release|Any CPU.Build.0 = Release|Any CPU
	EndGlobalSection
	GlobalSection(SolutionProperties) = preSolution
		HideSolutionNode = FALSE
	EndGlobalSection
	GlobalSection(ExtensibilityGlobals) = postSolution
		SolutionGuid = {3FABBB25-F2E6-4F24-A7FE-00EC08050C0A}
	EndGlobalSection
EndGlobal
