
Microsoft Visual Studio Solution File, Format Version 12.00
# Visual Studio 15
VisualStudioVersion = 15.0.27703.2026
MinimumVisualStudioVersion = 10.0.40219.1
Project("{FAE04EC0-301F-11D3-BF4B-00C04F79EFBC}") = "QuickSort", "QuickSort\QuickSort.csproj", "{01079345-1D44-416A-96DE-12E3DF1B291A}"
EndProject
Project("{FAE04EC0-301F-11D3-BF4B-00C04F79EFBC}") = "XUnitTestQuickSort", "XUnitTestQuickSort\XUnitTestQuickSort.csproj", "{E4296CF8-997C-42E2-9616-6FC04045E563}"
EndProject
Project("{2150E333-8FDC-42A3-9474-1A3956D46DE8}") = "Solution Items", "Solution Items", "{D6C2902A-4029-4EBD-8045-3EB700A4B31B}"
	ProjectSection(SolutionItems) = preProject
		ReadMe.md = ReadMe.md
	EndProjectSection
EndProject
Global
	GlobalSection(SolutionConfigurationPlatforms) = preSolution
		Debug|Any CPU = Debug|Any CPU
		Release|Any CPU = Release|Any CPU
	EndGlobalSection
	GlobalSection(ProjectConfigurationPlatforms) = postSolution
		{01079345-1D44-416A-96DE-12E3DF1B291A}.Debug|Any CPU.ActiveCfg = Debug|Any CPU
		{01079345-1D44-416A-96DE-12E3DF1B291A}.Debug|Any CPU.Build.0 = Debug|Any CPU
		{01079345-1D44-416A-96DE-12E3DF1B291A}.Release|Any CPU.ActiveCfg = Release|Any CPU
		{01079345-1D44-416A-96DE-12E3DF1B291A}.Release|Any CPU.Build.0 = Release|Any CPU
		{E4296CF8-997C-42E2-9616-6FC04045E563}.Debug|Any CPU.ActiveCfg = Debug|Any CPU
		{E4296CF8-997C-42E2-9616-6FC04045E563}.Debug|Any CPU.Build.0 = Debug|Any CPU
		{E4296CF8-997C-42E2-9616-6FC04045E563}.Release|Any CPU.ActiveCfg = Release|Any CPU
		{E4296CF8-997C-42E2-9616-6FC04045E563}.Release|Any CPU.Build.0 = Release|Any CPU
	EndGlobalSection
	GlobalSection(SolutionProperties) = preSolution
		HideSolutionNode = FALSE
	EndGlobalSection
	GlobalSection(ExtensibilityGlobals) = postSolution
		SolutionGuid = {039C76B9-BA01-459C-BCF7-0FF0B759097C}
	EndGlobalSection
EndGlobal
